
Microsoft Visual Studio Solution File, Format Version 12.00
# Visual Studio 15
Project("{FAE04EC0-301F-11D3-BF4B-00C04F79EFBC}") = "UnityEngine.UI", "UnityEngine.UI.csproj", "{7A492CB4-AF05-267F-1865-7BDCA7FA275E}"
EndProject
Project("{FAE04EC0-301F-11D3-BF4B-00C04F79EFBC}") = "Unity.RenderPipelines.Core.Runtime", "Unity.RenderPipelines.Core.Runtime.csproj", "{AD7B60CF-E8A5-163A-3CDE-6312BDB29B88}"
EndProject
Project("{FAE04EC0-301F-11D3-BF4B-00C04F79EFBC}") = "UnityEngine.TestRunner", "UnityEngine.TestRunner.csproj", "{550E3CF4-E9E7-6AA7-8F89-62D3C5FA64FA}"
EndProject
Project("{FAE04EC0-301F-11D3-BF4B-00C04F79EFBC}") = "Unity.Mathematics", "Unity.Mathematics.csproj", "{E30DA744-0CF0-A2E4-0D53-7730B867154F}"
EndProject
Project("{FAE04EC0-301F-11D3-BF4B-00C04F79EFBC}") = "Unity.Timeline", "Unity.Timeline.csproj", "{2501003A-7BC2-6849-2778-9D782E47F58C}"
EndProject
Project("{FAE04EC0-301F-11D3-BF4B-00C04F79EFBC}") = "Unity.RenderPipelines.Universal.Runtime", "Unity.RenderPipelines.Universal.Runtime.csproj", "{40879ADD-7A80-7292-1905-1B5C4A5E7D09}"
EndProject
Project("{FAE04EC0-301F-11D3-BF4B-00C04F79EFBC}") = "Assembly-CSharp", "Assembly-CSharp.csproj", "{9DB35346-D545-1DFD-CFEB-DD169D3E13D3}"
EndProject
Project("{FAE04EC0-301F-11D3-BF4B-00C04F79EFBC}") = "Unity.TextMeshPro", "Unity.TextMeshPro.csproj", "{1ADF850A-FA67-683E-0003-DCEFFE426E99}"
EndProject
Project("{FAE04EC0-301F-11D3-BF4B-00C04F79EFBC}") = "Unity.RenderPipelines.Core.ShaderLibrary", "Unity.RenderPipelines.Core.ShaderLibrary.csproj", "{2C95DFF0-2A08-3B9B-9B07-08EF110630D6}"
EndProject
Project("{FAE04EC0-301F-11D3-BF4B-00C04F79EFBC}") = "Unity.RenderPipelines.Universal.Shaders", "Unity.RenderPipelines.Universal.Shaders.csproj", "{E08EB8F7-66FE-D706-4D00-FC699E1B7BD6}"
EndProject
Project("{FAE04EC0-301F-11D3-BF4B-00C04F79EFBC}") = "Unity.RenderPipelines.ShaderGraph.ShaderGraphLibrary", "Unity.RenderPipelines.ShaderGraph.ShaderGraphLibrary.csproj", "{27B5A586-EA82-E6EF-36F4-CF23F15CE442}"
EndProject
Project("{FAE04EC0-301F-11D3-BF4B-00C04F79EFBC}") = "Unity.RenderPipeline.Universal.ShaderLibrary", "Unity.RenderPipeline.Universal.ShaderLibrary.csproj", "{7611040A-BF73-B439-AD3B-3F7897B43E2C}"
EndProject
Project("{FAE04EC0-301F-11D3-BF4B-00C04F79EFBC}") = "UnityEditor.TestRunner", "UnityEditor.TestRunner.csproj", "{DFC78392-A50F-2F4A-854A-15441F17C862}"
EndProject
Project("{FAE04EC0-301F-11D3-BF4B-00C04F79EFBC}") = "Unity.ShaderGraph.Editor", "Unity.ShaderGraph.Editor.csproj", "{AF64B20C-A7DD-5D67-C44C-9C5747DBC5B4}"
EndProject
Project("{FAE04EC0-301F-11D3-BF4B-00C04F79EFBC}") = "UnityEditor.UI", "UnityEditor.UI.csproj", "{712049D8-A6FB-3A17-0795-3218F7360978}"
EndProject
Project("{FAE04EC0-301F-11D3-BF4B-00C04F79EFBC}") = "Unity.VisualStudio.Editor", "Unity.VisualStudio.Editor.csproj", "{6A29A618-8BAD-F155-D27E-BD746A2C2D11}"
EndProject
Project("{FAE04EC0-301F-11D3-BF4B-00C04F79EFBC}") = "Unity.Timeline.Editor", "Unity.Timeline.Editor.csproj", "{97864FED-4A69-C01D-D7C2-593D8A5C8371}"
EndProject
Project("{FAE04EC0-301F-11D3-BF4B-00C04F79EFBC}") = "Unity.TextMeshPro.Editor", "Unity.TextMeshPro.Editor.csproj", "{C90455B4-0888-7534-140F-2AB3CD90B64B}"
EndProject
Project("{FAE04EC0-301F-11D3-BF4B-00C04F79EFBC}") = "Unity.RenderPipelines.Core.Editor", "Unity.RenderPipelines.Core.Editor.csproj", "{0969CD3F-009A-B7C5-1E53-3189B70DFBC1}"
EndProject
Project("{FAE04EC0-301F-11D3-BF4B-00C04F79EFBC}") = "Unity.CollabProxy.Editor", "Unity.CollabProxy.Editor.csproj", "{9C7B025C-8B90-9424-0A23-F57E415B5238}"
EndProject
Project("{FAE04EC0-301F-11D3-BF4B-00C04F79EFBC}") = "Unity.ShaderGraph.Utilities", "Unity.ShaderGraph.Utilities.csproj", "{529FD58B-C198-73D0-2852-95100106339D}"
EndProject
Project("{FAE04EC0-301F-11D3-BF4B-00C04F79EFBC}") = "Unity.RenderPipelines.Universal.Editor", "Unity.RenderPipelines.Universal.Editor.csproj", "{96377C0C-3A53-3E41-85D6-ADAC6624C846}"
EndProject
Project("{FAE04EC0-301F-11D3-BF4B-00C04F79EFBC}") = "Unity.Rider.Editor", "Unity.Rider.Editor.csproj", "{2F1E8D13-69F0-D4E3-B4EF-D42059F5B951}"
EndProject
Project("{FAE04EC0-301F-11D3-BF4B-00C04F79EFBC}") = "Unity.Searcher.Editor", "Unity.Searcher.Editor.csproj", "{E7D37296-19B9-02D5-3977-3B7A64CA781D}"
EndProject
Project("{FAE04EC0-301F-11D3-BF4B-00C04F79EFBC}") = "Unity.VSCode.Editor", "Unity.VSCode.Editor.csproj", "{75055F60-90A8-C8D9-D5C4-C47B7E272C23}"
EndProject
Project("{FAE04EC0-301F-11D3-BF4B-00C04F79EFBC}") = "Unity.Mathematics.Editor", "Unity.Mathematics.Editor.csproj", "{372D488E-0D56-3D39-58FD-3CA0DE1B0734}"
EndProject
Project("{FAE04EC0-301F-11D3-BF4B-00C04F79EFBC}") = "UnityEngine.UI", "UnityEngine.UI.Player.csproj", "{8C9A1CD8-2F76-14FF-7BBF-58576FC9FF99}"
EndProject
Project("{FAE04EC0-301F-11D3-BF4B-00C04F79EFBC}") = "Unity.RenderPipelines.Core.Runtime", "Unity.RenderPipelines.Core.Runtime.Player.csproj", "{478910BC-0F69-D9AB-6896-AF10072A7850}"
EndProject
Project("{FAE04EC0-301F-11D3-BF4B-00C04F79EFBC}") = "UnityEngine.TestRunner", "UnityEngine.TestRunner.Player.csproj", "{F4E440B5-891F-D059-35C1-FF552309357E}"
EndProject
Project("{FAE04EC0-301F-11D3-BF4B-00C04F79EFBC}") = "Unity.Mathematics", "Unity.Mathematics.Player.csproj", "{515532E7-C770-3125-5ED6-218917CDAE1F}"
EndProject
Project("{FAE04EC0-301F-11D3-BF4B-00C04F79EFBC}") = "Unity.Timeline", "Unity.Timeline.Player.csproj", "{40763294-FEF7-9A87-938F-C5EE3A36CC06}"
EndProject
Project("{FAE04EC0-301F-11D3-BF4B-00C04F79EFBC}") = "Unity.RenderPipelines.Universal.Runtime", "Unity.RenderPipelines.Universal.Runtime.Player.csproj", "{269C51A7-3CA3-6857-5CE3-F9F2D2780172}"
EndProject
Project("{FAE04EC0-301F-11D3-BF4B-00C04F79EFBC}") = "Assembly-CSharp", "Assembly-CSharp.Player.csproj", "{06B70CD9-C2CE-0BB2-1DD5-2C940CA75916}"
EndProject
Project("{FAE04EC0-301F-11D3-BF4B-00C04F79EFBC}") = "Unity.TextMeshPro", "Unity.TextMeshPro.Player.csproj", "{894C2578-573B-ADD0-B917-62DCBABC4CC7}"
EndProject
Project("{FAE04EC0-301F-11D3-BF4B-00C04F79EFBC}") = "Unity.RenderPipelines.Core.ShaderLibrary", "Unity.RenderPipelines.Core.ShaderLibrary.Player.csproj", "{D9D8F882-4871-4DDE-A2C1-4966CF336185}"
EndProject
Project("{FAE04EC0-301F-11D3-BF4B-00C04F79EFBC}") = "Unity.RenderPipelines.Universal.Shaders", "Unity.RenderPipelines.Universal.Shaders.Player.csproj", "{8706C253-89B2-9BFE-0454-374D5C391E06}"
EndProject
Project("{FAE04EC0-301F-11D3-BF4B-00C04F79EFBC}") = "Unity.RenderPipelines.ShaderGraph.ShaderGraphLibrary", "Unity.RenderPipelines.ShaderGraph.ShaderGraphLibrary.Player.csproj", "{F71293BA-65A6-B439-D33E-4B2F3881EAAA}"
EndProject
Project("{FAE04EC0-301F-11D3-BF4B-00C04F79EFBC}") = "Unity.RenderPipeline.Universal.ShaderLibrary", "Unity.RenderPipeline.Universal.ShaderLibrary.Player.csproj", "{2EAA87C8-75F3-B091-7794-A6D146E42A96}"
EndProject
Global
	GlobalSection(SolutionConfigurationPlatforms) = preSolution
		Debug|Any CPU = Debug|Any CPU
		Release|Any CPU = Release|Any CPU
	EndGlobalSection
	GlobalSection(ProjectConfigurationPlatforms) = postSolution
		{7A492CB4-AF05-267F-1865-7BDCA7FA275E}.Debug|Any CPU.ActiveCfg = Debug|Any CPU
		{7A492CB4-AF05-267F-1865-7BDCA7FA275E}.Debug|Any CPU.Build.0 = Debug|Any CPU
		{7A492CB4-AF05-267F-1865-7BDCA7FA275E}.Release|Any CPU.ActiveCfg = Release|Any CPU
		{7A492CB4-AF05-267F-1865-7BDCA7FA275E}.Release|Any CPU.Build.0 = Release|Any CPU
		{AD7B60CF-E8A5-163A-3CDE-6312BDB29B88}.Debug|Any CPU.ActiveCfg = Debug|Any CPU
		{AD7B60CF-E8A5-163A-3CDE-6312BDB29B88}.Debug|Any CPU.Build.0 = Debug|Any CPU
		{AD7B60CF-E8A5-163A-3CDE-6312BDB29B88}.Release|Any CPU.ActiveCfg = Release|Any CPU
		{AD7B60CF-E8A5-163A-3CDE-6312BDB29B88}.Release|Any CPU.Build.0 = Release|Any CPU
		{550E3CF4-E9E7-6AA7-8F89-62D3C5FA64FA}.Debug|Any CPU.ActiveCfg = Debug|Any CPU
		{550E3CF4-E9E7-6AA7-8F89-62D3C5FA64FA}.Debug|Any CPU.Build.0 = Debug|Any CPU
		{550E3CF4-E9E7-6AA7-8F89-62D3C5FA64FA}.Release|Any CPU.ActiveCfg = Release|Any CPU
		{550E3CF4-E9E7-6AA7-8F89-62D3C5FA64FA}.Release|Any CPU.Build.0 = Release|Any CPU
		{E30DA744-0CF0-A2E4-0D53-7730B867154F}.Debug|Any CPU.ActiveCfg = Debug|Any CPU
		{E30DA744-0CF0-A2E4-0D53-7730B867154F}.Debug|Any CPU.Build.0 = Debug|Any CPU
		{E30DA744-0CF0-A2E4-0D53-7730B867154F}.Release|Any CPU.ActiveCfg = Release|Any CPU
		{E30DA744-0CF0-A2E4-0D53-7730B867154F}.Release|Any CPU.Build.0 = Release|Any CPU
		{2501003A-7BC2-6849-2778-9D782E47F58C}.Debug|Any CPU.ActiveCfg = Debug|Any CPU
		{2501003A-7BC2-6849-2778-9D782E47F58C}.Debug|Any CPU.Build.0 = Debug|Any CPU
		{2501003A-7BC2-6849-2778-9D782E47F58C}.Release|Any CPU.ActiveCfg = Release|Any CPU
		{2501003A-7BC2-6849-2778-9D782E47F58C}.Release|Any CPU.Build.0 = Release|Any CPU
		{40879ADD-7A80-7292-1905-1B5C4A5E7D09}.Debug|Any CPU.ActiveCfg = Debug|Any CPU
		{40879ADD-7A80-7292-1905-1B5C4A5E7D09}.Debug|Any CPU.Build.0 = Debug|Any CPU
		{40879ADD-7A80-7292-1905-1B5C4A5E7D09}.Release|Any CPU.ActiveCfg = Release|Any CPU
		{40879ADD-7A80-7292-1905-1B5C4A5E7D09}.Release|Any CPU.Build.0 = Release|Any CPU
		{9DB35346-D545-1DFD-CFEB-DD169D3E13D3}.Debug|Any CPU.ActiveCfg = Debug|Any CPU
		{9DB35346-D545-1DFD-CFEB-DD169D3E13D3}.Debug|Any CPU.Build.0 = Debug|Any CPU
		{9DB35346-D545-1DFD-CFEB-DD169D3E13D3}.Release|Any CPU.ActiveCfg = Release|Any CPU
		{9DB35346-D545-1DFD-CFEB-DD169D3E13D3}.Release|Any CPU.Build.0 = Release|Any CPU
		{1ADF850A-FA67-683E-0003-DCEFFE426E99}.Debug|Any CPU.ActiveCfg = Debug|Any CPU
		{1ADF850A-FA67-683E-0003-DCEFFE426E99}.Debug|Any CPU.Build.0 = Debug|Any CPU
		{1ADF850A-FA67-683E-0003-DCEFFE426E99}.Release|Any CPU.ActiveCfg = Release|Any CPU
		{1ADF850A-FA67-683E-0003-DCEFFE426E99}.Release|Any CPU.Build.0 = Release|Any CPU
		{2C95DFF0-2A08-3B9B-9B07-08EF110630D6}.Debug|Any CPU.ActiveCfg = Debug|Any CPU
		{2C95DFF0-2A08-3B9B-9B07-08EF110630D6}.Debug|Any CPU.Build.0 = Debug|Any CPU
		{2C95DFF0-2A08-3B9B-9B07-08EF110630D6}.Release|Any CPU.ActiveCfg = Release|Any CPU
		{2C95DFF0-2A08-3B9B-9B07-08EF110630D6}.Release|Any CPU.Build.0 = Release|Any CPU
		{E08EB8F7-66FE-D706-4D00-FC699E1B7BD6}.Debug|Any CPU.ActiveCfg = Debug|Any CPU
		{E08EB8F7-66FE-D706-4D00-FC699E1B7BD6}.Debug|Any CPU.Build.0 = Debug|Any CPU
		{E08EB8F7-66FE-D706-4D00-FC699E1B7BD6}.Release|Any CPU.ActiveCfg = Release|Any CPU
		{E08EB8F7-66FE-D706-4D00-FC699E1B7BD6}.Release|Any CPU.Build.0 = Release|Any CPU
		{27B5A586-EA82-E6EF-36F4-CF23F15CE442}.Debug|Any CPU.ActiveCfg = Debug|Any CPU
		{27B5A586-EA82-E6EF-36F4-CF23F15CE442}.Debug|Any CPU.Build.0 = Debug|Any CPU
		{27B5A586-EA82-E6EF-36F4-CF23F15CE442}.Release|Any CPU.ActiveCfg = Release|Any CPU
		{27B5A586-EA82-E6EF-36F4-CF23F15CE442}.Release|Any CPU.Build.0 = Release|Any CPU
		{7611040A-BF73-B439-AD3B-3F7897B43E2C}.Debug|Any CPU.ActiveCfg = Debug|Any CPU
		{7611040A-BF73-B439-AD3B-3F7897B43E2C}.Debug|Any CPU.Build.0 = Debug|Any CPU
		{7611040A-BF73-B439-AD3B-3F7897B43E2C}.Release|Any CPU.ActiveCfg = Release|Any CPU
		{7611040A-BF73-B439-AD3B-3F7897B43E2C}.Release|Any CPU.Build.0 = Release|Any CPU
		{DFC78392-A50F-2F4A-854A-15441F17C862}.Debug|Any CPU.ActiveCfg = Debug|Any CPU
		{DFC78392-A50F-2F4A-854A-15441F17C862}.Debug|Any CPU.Build.0 = Debug|Any CPU
		{DFC78392-A50F-2F4A-854A-15441F17C862}.Release|Any CPU.ActiveCfg = Release|Any CPU
		{DFC78392-A50F-2F4A-854A-15441F17C862}.Release|Any CPU.Build.0 = Release|Any CPU
		{AF64B20C-A7DD-5D67-C44C-9C5747DBC5B4}.Debug|Any CPU.ActiveCfg = Debug|Any CPU
		{AF64B20C-A7DD-5D67-C44C-9C5747DBC5B4}.Debug|Any CPU.Build.0 = Debug|Any CPU
		{AF64B20C-A7DD-5D67-C44C-9C5747DBC5B4}.Release|Any CPU.ActiveCfg = Release|Any CPU
		{AF64B20C-A7DD-5D67-C44C-9C5747DBC5B4}.Release|Any CPU.Build.0 = Release|Any CPU
		{712049D8-A6FB-3A17-0795-3218F7360978}.Debug|Any CPU.ActiveCfg = Debug|Any CPU
		{712049D8-A6FB-3A17-0795-3218F7360978}.Debug|Any CPU.Build.0 = Debug|Any CPU
		{712049D8-A6FB-3A17-0795-3218F7360978}.Release|Any CPU.ActiveCfg = Release|Any CPU
		{712049D8-A6FB-3A17-0795-3218F7360978}.Release|Any CPU.Build.0 = Release|Any CPU
		{6A29A618-8BAD-F155-D27E-BD746A2C2D11}.Debug|Any CPU.ActiveCfg = Debug|Any CPU
		{6A29A618-8BAD-F155-D27E-BD746A2C2D11}.Debug|Any CPU.Build.0 = Debug|Any CPU
		{6A29A618-8BAD-F155-D27E-BD746A2C2D11}.Release|Any CPU.ActiveCfg = Release|Any CPU
		{6A29A618-8BAD-F155-D27E-BD746A2C2D11}.Release|Any CPU.Build.0 = Release|Any CPU
		{97864FED-4A69-C01D-D7C2-593D8A5C8371}.Debug|Any CPU.ActiveCfg = Debug|Any CPU
		{97864FED-4A69-C01D-D7C2-593D8A5C8371}.Debug|Any CPU.Build.0 = Debug|Any CPU
		{97864FED-4A69-C01D-D7C2-593D8A5C8371}.Release|Any CPU.ActiveCfg = Release|Any CPU
		{97864FED-4A69-C01D-D7C2-593D8A5C8371}.Release|Any CPU.Build.0 = Release|Any CPU
		{C90455B4-0888-7534-140F-2AB3CD90B64B}.Debug|Any CPU.ActiveCfg = Debug|Any CPU
		{C90455B4-0888-7534-140F-2AB3CD90B64B}.Debug|Any CPU.Build.0 = Debug|Any CPU
		{C90455B4-0888-7534-140F-2AB3CD90B64B}.Release|Any CPU.ActiveCfg = Release|Any CPU
		{C90455B4-0888-7534-140F-2AB3CD90B64B}.Release|Any CPU.Build.0 = Release|Any CPU
		{0969CD3F-009A-B7C5-1E53-3189B70DFBC1}.Debug|Any CPU.ActiveCfg = Debug|Any CPU
		{0969CD3F-009A-B7C5-1E53-3189B70DFBC1}.Debug|Any CPU.Build.0 = Debug|Any CPU
		{0969CD3F-009A-B7C5-1E53-3189B70DFBC1}.Release|Any CPU.ActiveCfg = Release|Any CPU
		{0969CD3F-009A-B7C5-1E53-3189B70DFBC1}.Release|Any CPU.Build.0 = Release|Any CPU
		{9C7B025C-8B90-9424-0A23-F57E415B5238}.Debug|Any CPU.ActiveCfg = Debug|Any CPU
		{9C7B025C-8B90-9424-0A23-F57E415B5238}.Debug|Any CPU.Build.0 = Debug|Any CPU
		{9C7B025C-8B90-9424-0A23-F57E415B5238}.Release|Any CPU.ActiveCfg = Release|Any CPU
		{9C7B025C-8B90-9424-0A23-F57E415B5238}.Release|Any CPU.Build.0 = Release|Any CPU
		{529FD58B-C198-73D0-2852-95100106339D}.Debug|Any CPU.ActiveCfg = Debug|Any CPU
		{529FD58B-C198-73D0-2852-95100106339D}.Debug|Any CPU.Build.0 = Debug|Any CPU
		{529FD58B-C198-73D0-2852-95100106339D}.Release|Any CPU.ActiveCfg = Release|Any CPU
		{529FD58B-C198-73D0-2852-95100106339D}.Release|Any CPU.Build.0 = Release|Any CPU
		{96377C0C-3A53-3E41-85D6-ADAC6624C846}.Debug|Any CPU.ActiveCfg = Debug|Any CPU
		{96377C0C-3A53-3E41-85D6-ADAC6624C846}.Debug|Any CPU.Build.0 = Debug|Any CPU
		{96377C0C-3A53-3E41-85D6-ADAC6624C846}.Release|Any CPU.ActiveCfg = Release|Any CPU
		{96377C0C-3A53-3E41-85D6-ADAC6624C846}.Release|Any CPU.Build.0 = Release|Any CPU
		{2F1E8D13-69F0-D4E3-B4EF-D42059F5B951}.Debug|Any CPU.ActiveCfg = Debug|Any CPU
		{2F1E8D13-69F0-D4E3-B4EF-D42059F5B951}.Debug|Any CPU.Build.0 = Debug|Any CPU
		{2F1E8D13-69F0-D4E3-B4EF-D42059F5B951}.Release|Any CPU.ActiveCfg = Release|Any CPU
		{2F1E8D13-69F0-D4E3-B4EF-D42059F5B951}.Release|Any CPU.Build.0 = Release|Any CPU
		{E7D37296-19B9-02D5-3977-3B7A64CA781D}.Debug|Any CPU.ActiveCfg = Debug|Any CPU
		{E7D37296-19B9-02D5-3977-3B7A64CA781D}.Debug|Any CPU.Build.0 = Debug|Any CPU
		{E7D37296-19B9-02D5-3977-3B7A64CA781D}.Release|Any CPU.ActiveCfg = Release|Any CPU
		{E7D37296-19B9-02D5-3977-3B7A64CA781D}.Release|Any CPU.Build.0 = Release|Any CPU
		{75055F60-90A8-C8D9-D5C4-C47B7E272C23}.Debug|Any CPU.ActiveCfg = Debug|Any CPU
		{75055F60-90A8-C8D9-D5C4-C47B7E272C23}.Debug|Any CPU.Build.0 = Debug|Any CPU
		{75055F60-90A8-C8D9-D5C4-C47B7E272C23}.Release|Any CPU.ActiveCfg = Release|Any CPU
		{75055F60-90A8-C8D9-D5C4-C47B7E272C23}.Release|Any CPU.Build.0 = Release|Any CPU
		{372D488E-0D56-3D39-58FD-3CA0DE1B0734}.Debug|Any CPU.ActiveCfg = Debug|Any CPU
		{372D488E-0D56-3D39-58FD-3CA0DE1B0734}.Debug|Any CPU.Build.0 = Debug|Any CPU
		{372D488E-0D56-3D39-58FD-3CA0DE1B0734}.Release|Any CPU.ActiveCfg = Release|Any CPU
		{372D488E-0D56-3D39-58FD-3CA0DE1B0734}.Release|Any CPU.Build.0 = Release|Any CPU
		{8C9A1CD8-2F76-14FF-7BBF-58576FC9FF99}.Debug|Any CPU.ActiveCfg = Debug|Any CPU
		{8C9A1CD8-2F76-14FF-7BBF-58576FC9FF99}.Debug|Any CPU.Build.0 = Debug|Any CPU
		{8C9A1CD8-2F76-14FF-7BBF-58576FC9FF99}.Release|Any CPU.ActiveCfg = Release|Any CPU
		{8C9A1CD8-2F76-14FF-7BBF-58576FC9FF99}.Release|Any CPU.Build.0 = Release|Any CPU
		{478910BC-0F69-D9AB-6896-AF10072A7850}.Debug|Any CPU.ActiveCfg = Debug|Any CPU
		{478910BC-0F69-D9AB-6896-AF10072A7850}.Debug|Any CPU.Build.0 = Debug|Any CPU
		{478910BC-0F69-D9AB-6896-AF10072A7850}.Release|Any CPU.ActiveCfg = Release|Any CPU
		{478910BC-0F69-D9AB-6896-AF10072A7850}.Release|Any CPU.Build.0 = Release|Any CPU
		{F4E440B5-891F-D059-35C1-FF552309357E}.Debug|Any CPU.ActiveCfg = Debug|Any CPU
		{F4E440B5-891F-D059-35C1-FF552309357E}.Debug|Any CPU.Build.0 = Debug|Any CPU
		{F4E440B5-891F-D059-35C1-FF552309357E}.Release|Any CPU.ActiveCfg = Release|Any CPU
		{F4E440B5-891F-D059-35C1-FF552309357E}.Release|Any CPU.Build.0 = Release|Any CPU
		{515532E7-C770-3125-5ED6-218917CDAE1F}.Debug|Any CPU.ActiveCfg = Debug|Any CPU
		{515532E7-C770-3125-5ED6-218917CDAE1F}.Debug|Any CPU.Build.0 = Debug|Any CPU
		{515532E7-C770-3125-5ED6-218917CDAE1F}.Release|Any CPU.ActiveCfg = Release|Any CPU
		{515532E7-C770-3125-5ED6-218917CDAE1F}.Release|Any CPU.Build.0 = Release|Any CPU
		{40763294-FEF7-9A87-938F-C5EE3A36CC06}.Debug|Any CPU.ActiveCfg = Debug|Any CPU
		{40763294-FEF7-9A87-938F-C5EE3A36CC06}.Debug|Any CPU.Build.0 = Debug|Any CPU
		{40763294-FEF7-9A87-938F-C5EE3A36CC06}.Release|Any CPU.ActiveCfg = Release|Any CPU
		{40763294-FEF7-9A87-938F-C5EE3A36CC06}.Release|Any CPU.Build.0 = Release|Any CPU
		{269C51A7-3CA3-6857-5CE3-F9F2D2780172}.Debug|Any CPU.ActiveCfg = Debug|Any CPU
		{269C51A7-3CA3-6857-5CE3-F9F2D2780172}.Debug|Any CPU.Build.0 = Debug|Any CPU
		{269C51A7-3CA3-6857-5CE3-F9F2D2780172}.Release|Any CPU.ActiveCfg = Release|Any CPU
		{269C51A7-3CA3-6857-5CE3-F9F2D2780172}.Release|Any CPU.Build.0 = Release|Any CPU
		{06B70CD9-C2CE-0BB2-1DD5-2C940CA75916}.Debug|Any CPU.ActiveCfg = Debug|Any CPU
		{06B70CD9-C2CE-0BB2-1DD5-2C940CA75916}.Debug|Any CPU.Build.0 = Debug|Any CPU
		{06B70CD9-C2CE-0BB2-1DD5-2C940CA75916}.Release|Any CPU.ActiveCfg = Release|Any CPU
		{06B70CD9-C2CE-0BB2-1DD5-2C940CA75916}.Release|Any CPU.Build.0 = Release|Any CPU
		{894C2578-573B-ADD0-B917-62DCBABC4CC7}.Debug|Any CPU.ActiveCfg = Debug|Any CPU
		{894C2578-573B-ADD0-B917-62DCBABC4CC7}.Debug|Any CPU.Build.0 = Debug|Any CPU
		{894C2578-573B-ADD0-B917-62DCBABC4CC7}.Release|Any CPU.ActiveCfg = Release|Any CPU
		{894C2578-573B-ADD0-B917-62DCBABC4CC7}.Release|Any CPU.Build.0 = Release|Any CPU
		{D9D8F882-4871-4DDE-A2C1-4966CF336185}.Debug|Any CPU.ActiveCfg = Debug|Any CPU
		{D9D8F882-4871-4DDE-A2C1-4966CF336185}.Debug|Any CPU.Build.0 = Debug|Any CPU
		{D9D8F882-4871-4DDE-A2C1-4966CF336185}.Release|Any CPU.ActiveCfg = Release|Any CPU
		{D9D8F882-4871-4DDE-A2C1-4966CF336185}.Release|Any CPU.Build.0 = Release|Any CPU
		{8706C253-89B2-9BFE-0454-374D5C391E06}.Debug|Any CPU.ActiveCfg = Debug|Any CPU
		{8706C253-89B2-9BFE-0454-374D5C391E06}.Debug|Any CPU.Build.0 = Debug|Any CPU
		{8706C253-89B2-9BFE-0454-374D5C391E06}.Release|Any CPU.ActiveCfg = Release|Any CPU
		{8706C253-89B2-9BFE-0454-374D5C391E06}.Release|Any CPU.Build.0 = Release|Any CPU
		{F71293BA-65A6-B439-D33E-4B2F3881EAAA}.Debug|Any CPU.ActiveCfg = Debug|Any CPU
		{F71293BA-65A6-B439-D33E-4B2F3881EAAA}.Debug|Any CPU.Build.0 = Debug|Any CPU
		{F71293BA-65A6-B439-D33E-4B2F3881EAAA}.Release|Any CPU.ActiveCfg = Release|Any CPU
		{F71293BA-65A6-B439-D33E-4B2F3881EAAA}.Release|Any CPU.Build.0 = Release|Any CPU
		{2EAA87C8-75F3-B091-7794-A6D146E42A96}.Debug|Any CPU.ActiveCfg = Debug|Any CPU
		{2EAA87C8-75F3-B091-7794-A6D146E42A96}.Debug|Any CPU.Build.0 = Debug|Any CPU
		{2EAA87C8-75F3-B091-7794-A6D146E42A96}.Release|Any CPU.ActiveCfg = Release|Any CPU
		{2EAA87C8-75F3-B091-7794-A6D146E42A96}.Release|Any CPU.Build.0 = Release|Any CPU
	EndGlobalSection
	GlobalSection(SolutionProperties) = preSolution
		HideSolutionNode = FALSE
	EndGlobalSection
EndGlobal
